{
    "_readme": [
        "This file locks the dependencies of your project to a known state",
        "Read more about it at https://getcomposer.org/doc/01-basic-usage.md#composer-lock-the-lock-file",
        "This file is @generated automatically"
    ],
    "hash": "30f9bd0c638ff7104cbd36656dc11eea",
    "content-hash": "3ee91bac71b05e4c007f316f54620664",
    "packages": [
        {
            "name": "gorgo/golib",
            "version": "0.1.1",
            "source": {
                "type": "git",
                "url": "https://github.com/swaros/golib.git",
                "reference": "38b1c1884b6d2959dbb08c76d83bfde733c4754a"
            },
            "dist": {
                "type": "zip",
                "url": "https://api.github.com/repos/swaros/golib/zipball/38b1c1884b6d2959dbb08c76d83bfde733c4754a",
                "reference": "38b1c1884b6d2959dbb08c76d83bfde733c4754a",
                "shasum": ""
            },
            "require": {
                "php": ">=5.3.0"
            },
            "type": "library",
            "autoload": {
                "psr-4": {
                    "golib\\": "src/"
                }
            },
            "notification-url": "https://packagist.org/downloads/",
            "license": [
                "MIT"
            ],
            "authors": [
                {
                    "name": "Thomas Ziegler",
                    "email": "tziegler@googlemail.com"
                }
            ],
            "description": "shared php tools lib.",
            "homepage": "https://github.com/swaros/golib",
            "keywords": [
                "enum",
                "enums",
                "properties"
            ],
            "time": "2017-09-14 09:58:01"
        }
    ],
    "packages-dev": [],
    "aliases": [],
    "minimum-stability": "dev",
    "stability-flags": [],
    "prefer-stable": false,
    "prefer-lowest": false,
    "platform": {
        "php": ">=5.3.0"
    },
    "platform-dev": []
}
