{
    "_readme": [
        "This file locks the dependencies of your project to a known state",
        "Read more about it at https://getcomposer.org/doc/01-basic-usage.md#composer-lock-the-lock-file",
        "This file is @generated automatically"
    ],
    "hash": "0b9252e18425e141c2219ec8286d6a23",
    "content-hash": "b308c173b6a2191a899d92b6f732b4e9",
    "packages": [
        {
            "name": "gorgo/golib",
            "version": "dev-master",
            "source": {
                "type": "git",
                "url": "https://github.com/swaros/golib.git",
                "reference": "0ed1eab846b2eaa46acc28901874c15edd69de39"
            },
            "dist": {
                "type": "zip",
                "url": "https://api.github.com/repos/swaros/golib/zipball/0ed1eab846b2eaa46acc28901874c15edd69de39",
                "reference": "0ed1eab846b2eaa46acc28901874c15edd69de39",
                "shasum": ""
            },
            "require": {
                "php": ">=5.3.0"
            },
            "type": "library",
            "autoload": {
                "psr-4": {
                    "golib\\": "src/"
                }
            },
            "notification-url": "https://packagist.org/downloads/",
            "license": [
                "MIT"
            ],
            "authors": [
                {
                    "name": "Thomas Ziegler",
                    "email": "tziegler@googlemail.com"
                }
            ],
            "description": "shared php tools lib.",
            "homepage": "https://github.com/swaros/golib",
            "keywords": [
                "enum",
                "enums",
                "properties"
            ],
            "time": "2017-09-29 12:16:54"
        }
    ],
    "packages-dev": [],
    "aliases": [],
    "minimum-stability": "dev",
    "stability-flags": [],
    "prefer-stable": false,
    "prefer-lowest": false,
    "platform": {
        "php": ">=5.3.0"
    },
    "platform-dev": []
}
